
Microsoft Visual Studio Solution File, Format Version 12.00
# Visual Studio 15
VisualStudioVersion = 15.0.27428.2037
MinimumVisualStudioVersion = 10.0.40219.1
Project("{FAE04EC0-301F-11D3-BF4B-00C04F79EFBC}") = "SkillsWeb", "SkillsWeb\SkillsWeb.csproj", "{C04ED5A5-A0AE-4E00-8039-FF28FDB56D29}"
EndProject
Global
	GlobalSection(SolutionConfigurationPlatforms) = preSolution
		Debug|Any CPU = Debug|Any CPU
		Release|Any CPU = Release|Any CPU
	EndGlobalSection
	GlobalSection(ProjectConfigurationPlatforms) = postSolution
		{C04ED5A5-A0AE-4E00-8039-FF28FDB56D29}.Debug|Any CPU.ActiveCfg = Debug|Any CPU
		{C04ED5A5-A0AE-4E00-8039-FF28FDB56D29}.Debug|Any CPU.Build.0 = Debug|Any CPU
		{C04ED5A5-A0AE-4E00-8039-FF28FDB56D29}.Release|Any CPU.ActiveCfg = Release|Any CPU
		{C04ED5A5-A0AE-4E00-8039-FF28FDB56D29}.Release|Any CPU.Build.0 = Release|Any CPU
	EndGlobalSection
	GlobalSection(SolutionProperties) = preSolution
		HideSolutionNode = FALSE
	EndGlobalSection
	GlobalSection(ExtensibilityGlobals) = postSolution
		SolutionGuid = {177E1D86-FC0E-47FA-967E-810D756E266F}
	EndGlobalSection
EndGlobal
